
Microsoft Visual Studio Solution File, Format Version 12.00
# Visual Studio Version 17
VisualStudioVersion = 17.7.34031.279
MinimumVisualStudioVersion = 10.0.40219.1
Project("{FAE04EC0-301F-11D3-BF4B-00C04F79EFBC}") = "CostumerEditorGUI", "GUI\CostumerEditorGUI.csproj", "{5261BB87-3EE8-4335-8A02-1746D214FF6C}"
EndProject
Project("{FAE04EC0-301F-11D3-BF4B-00C04F79EFBC}") = "Abstractions", "Abstractions\Abstractions.csproj", "{B9F09060-62CC-4A70-8BCE-E03D7DBE9B1E}"
EndProject
Project("{FAE04EC0-301F-11D3-BF4B-00C04F79EFBC}") = "UnitTests", "UnitTests\UnitTests.csproj", "{04049C66-4422-43BE-AB0B-F370F7CB095A}"
EndProject
Project("{FAE04EC0-301F-11D3-BF4B-00C04F79EFBC}") = "BusinessLogic", "BusinessLogic\BusinessLogic.csproj", "{A00040BD-9CEA-4488-9AA4-1CE566EBA75A}"
EndProject
Project("{FAE04EC0-301F-11D3-BF4B-00C04F79EFBC}") = "Repositories", "Repositories\Repositories.csproj", "{F73AA2FB-61F9-4121-8C2E-CD0D02C0D958}"
EndProject
Global
	GlobalSection(SolutionConfigurationPlatforms) = preSolution
		Debug|Any CPU = Debug|Any CPU
		Release|Any CPU = Release|Any CPU
	EndGlobalSection
	GlobalSection(ProjectConfigurationPlatforms) = postSolution
		{5261BB87-3EE8-4335-8A02-1746D214FF6C}.Debug|Any CPU.ActiveCfg = Debug|Any CPU
		{5261BB87-3EE8-4335-8A02-1746D214FF6C}.Debug|Any CPU.Build.0 = Debug|Any CPU
		{5261BB87-3EE8-4335-8A02-1746D214FF6C}.Release|Any CPU.ActiveCfg = Release|Any CPU
		{5261BB87-3EE8-4335-8A02-1746D214FF6C}.Release|Any CPU.Build.0 = Release|Any CPU
		{B9F09060-62CC-4A70-8BCE-E03D7DBE9B1E}.Debug|Any CPU.ActiveCfg = Debug|Any CPU
		{B9F09060-62CC-4A70-8BCE-E03D7DBE9B1E}.Debug|Any CPU.Build.0 = Debug|Any CPU
		{B9F09060-62CC-4A70-8BCE-E03D7DBE9B1E}.Release|Any CPU.ActiveCfg = Release|Any CPU
		{B9F09060-62CC-4A70-8BCE-E03D7DBE9B1E}.Release|Any CPU.Build.0 = Release|Any CPU
		{04049C66-4422-43BE-AB0B-F370F7CB095A}.Debug|Any CPU.ActiveCfg = Debug|Any CPU
		{04049C66-4422-43BE-AB0B-F370F7CB095A}.Debug|Any CPU.Build.0 = Debug|Any CPU
		{04049C66-4422-43BE-AB0B-F370F7CB095A}.Release|Any CPU.ActiveCfg = Release|Any CPU
		{04049C66-4422-43BE-AB0B-F370F7CB095A}.Release|Any CPU.Build.0 = Release|Any CPU
		{A00040BD-9CEA-4488-9AA4-1CE566EBA75A}.Debug|Any CPU.ActiveCfg = Debug|Any CPU
		{A00040BD-9CEA-4488-9AA4-1CE566EBA75A}.Debug|Any CPU.Build.0 = Debug|Any CPU
		{A00040BD-9CEA-4488-9AA4-1CE566EBA75A}.Release|Any CPU.ActiveCfg = Release|Any CPU
		{A00040BD-9CEA-4488-9AA4-1CE566EBA75A}.Release|Any CPU.Build.0 = Release|Any CPU
		{F73AA2FB-61F9-4121-8C2E-CD0D02C0D958}.Debug|Any CPU.ActiveCfg = Debug|Any CPU
		{F73AA2FB-61F9-4121-8C2E-CD0D02C0D958}.Debug|Any CPU.Build.0 = Debug|Any CPU
		{F73AA2FB-61F9-4121-8C2E-CD0D02C0D958}.Release|Any CPU.ActiveCfg = Release|Any CPU
		{F73AA2FB-61F9-4121-8C2E-CD0D02C0D958}.Release|Any CPU.Build.0 = Release|Any CPU
	EndGlobalSection
	GlobalSection(SolutionProperties) = preSolution
		HideSolutionNode = FALSE
	EndGlobalSection
	GlobalSection(ExtensibilityGlobals) = postSolution
		SolutionGuid = {46EB3533-68CD-4BFC-8B70-9A78D2EEFD18}
	EndGlobalSection
EndGlobal
